// !$*UTF8*$!
{
	archiveVersion = 1;
	classes = {
	};
	objectVersion = 77;
	objects = {

/* Begin PBXContainerItemProxy section */
		742C4F2A2F92175C00BC128F /* PBXContainerItemProxy */ = {
			isa = PBXContainerItemProxy;
			containerPortal = 742C4F142F92175800BC128F /* Project object */;
			proxyType = 1;
			remoteGlobalIDString = 742C4F1B2F92175800BC128F;
			remoteInfo = "Go-E-Wallbox-Charging-App";
		};
		742C4F342F92175C00BC128F /* PBXContainerItemProxy */ = {
			isa = PBXContainerItemProxy;
			containerPortal = 742C4F142F92175800BC128F /* Project object */;
			proxyType = 1;
			remoteGlobalIDString = 742C4F1B2F92175800BC128F;
			remoteInfo = "Go-E-Wallbox-Charging-App";
		};
/* End PBXContainerItemProxy section */

/* Begin PBXFileReference section */
		742C4F1C2F92175800BC128F /* Go-E-Wallbox-Charging-App.app */ = {isa = PBXFileReference; explicitFileType = wrapper.application; includeInIndex = 0; path = "Go-E-Wallbox-Charging-App.app"; sourceTree = BUILT_PRODUCTS_DIR; };
		742C4F292F92175C00BC128F /* Go-E-Wallbox-Charging-AppTests.xctest */ = {isa = PBXFileReference; explicitFileType = wrapper.cfbundle; includeInIndex = 0; path = "Go-E-Wallbox-Charging-AppTests.xctest"; sourceTree = BUILT_PRODUCTS_DIR; };
		742C4F332F92175C00BC128F /* Go-E-Wallbox-Charging-AppUITests.xctest */ = {isa = PBXFileReference; explicitFileType = wrapper.cfbundle; includeInIndex = 0; path = "Go-E-Wallbox-Charging-AppUITests.xctest"; sourceTree = BUILT_PRODUCTS_DIR; };
/* End PBXFileReference section */

/* Begin PBXFileSystemSynchronizedRootGroup section */
		742C4F1E2F92175800BC128F /* Go-E-Wallbox-Charging-App */ = {
			isa = PBXFileSystemSynchronizedRootGroup;
			path = "Go-E-Wallbox-Charging-App";
			sourceTree = "<group>";
		};
		742C4F2C2F92175C00BC128F /* Go-E-Wallbox-Charging-AppTests */ = {
			isa = PBXFileSystemSynchronizedRootGroup;
			path = "Go-E-Wallbox-Charging-AppTests";
			sourceTree = "<group>";
		};
		742C4F362F92175C00BC128F /* Go-E-Wallbox-Charging-AppUITests */ = {
			isa = PBXFileSystemSynchronizedRootGroup;
			path = "Go-E-Wallbox-Charging-AppUITests";
			sourceTree = "<group>";
		};
/* End PBXFileSystemSynchronizedRootGroup section */

/* Begin PBXFrameworksBuildPhase section */
		742C4F192F92175800BC128F /* Frameworks */ = {
			isa = PBXFrameworksBuildPhase;
			buildActionMask = 2147483647;
			files = (
			);
			runOnlyForDeploymentPostprocessing = 0;
		};
		742C4F262F92175C00BC128F /* Frameworks */ = {
			isa = PBXFrameworksBuildPhase;
			buildActionMask = 2147483647;
			files = (
			);
			runOnlyForDeploymentPostprocessing = 0;
		};
		742C4F302F92175C00BC128F /* Frameworks */ = {
			isa = PBXFrameworksBuildPhase;
			buildActionMask = 2147483647;
			files = (
			);
			runOnlyForDeploymentPostprocessing = 0;
		};
/* End PBXFrameworksBuildPhase section */

/* Begin PBXGroup section */
		742C4F132F92175800BC128F = {
			isa = PBXGroup;
			children = (
				742C4F1E2F92175800BC128F /* Go-E-Wallbox-Charging-App */,
				742C4F2C2F92175C00BC128F /* Go-E-Wallbox-Charging-AppTests */,
				742C4F362F92175C00BC128F /* Go-E-Wallbox-Charging-AppUITests */,
				742C4F1D2F92175800BC128F /* Products */,
			);
			sourceTree = "<group>";
		};
		742C4F1D2F92175800BC128F /* Products */ = {
			isa = PBXGroup;
			children = (
				742C4F1C2F92175800BC128F /* Go-E-Wallbox-Charging-App.app */,
				742C4F292F92175C00BC128F /* Go-E-Wallbox-Charging-AppTests.xctest */,
				742C4F332F92175C00BC128F /* Go-E-Wallbox-Charging-AppUITests.xctest */,
			);
			name = Products;
			sourceTree = "<group>";
		};
/* End PBXGroup section */

/* Begin PBXNativeTarget section */
		742C4F1B2F92175800BC128F /* Go-E-Wallbox-Charging-App */ = {
			isa = PBXNativeTarget;
			buildConfigurationList = 742C4F3D2F92175C00BC128F /* Build configuration list for PBXNativeTarget "Go-E-Wallbox-Charging-App" */;
			buildPhases = (
				742C4F182F92175800BC128F /* Sources */,
				742C4F192F92175800BC128F /* Frameworks */,
				742C4F1A2F92175800BC128F /* Resources */,
			);
			buildRules = (
			);
			dependencies = (
			);
			fileSystemSynchronizedGroups = (
				742C4F1E2F92175800BC128F /* Go-E-Wallbox-Charging-App */,
			);
			name = "Go-E-Wallbox-Charging-App";
			packageProductDependencies = (
			);
			productName = "Go-E-Wallbox-Charging-App";
			productReference = 742C4F1C2F92175800BC128F /* Go-E-Wallbox-Charging-App.app */;
			productType = "com.apple.product-type.application";
		};
		742C4F282F92175C00BC128F /* Go-E-Wallbox-Charging-AppTests */ = {
			isa = PBXNativeTarget;
			buildConfigurationList = 742C4F402F92175C00BC128F /* Build configuration list for PBXNativeTarget "Go-E-Wallbox-Charging-AppTests" */;
			buildPhases = (
				742C4F252F92175C00BC128F /* Sources */,
				742C4F262F92175C00BC128F /* Frameworks */,
				742C4F272F92175C00BC128F /* Resources */,
			);
			buildRules = (
			);
			dependencies = (
				742C4F2B2F92175C00BC128F /* PBXTargetDependency */,
			);
			fileSystemSynchronizedGroups = (
				742C4F2C2F92175C00BC128F /* Go-E-Wallbox-Charging-AppTests */,
			);
			name = "Go-E-Wallbox-Charging-AppTests";
			packageProductDependencies = (
			);
			productName = "Go-E-Wallbox-Charging-AppTests";
			productReference = 742C4F292F92175C00BC128F /* Go-E-Wallbox-Charging-AppTests.xctest */;
			productType = "com.apple.product-type.bundle.unit-test";
		};
		742C4F322F92175C00BC128F /* Go-E-Wallbox-Charging-AppUITests */ = {
			isa = PBXNativeTarget;
			buildConfigurationList = 742C4F432F92175C00BC128F /* Build configuration list for PBXNativeTarget "Go-E-Wallbox-Charging-AppUITests" */;
			buildPhases = (
				742C4F2F2F92175C00BC128F /* Sources */,
				742C4F302F92175C00BC128F /* Frameworks */,
				742C4F312F92175C00BC128F /* Resources */,
			);
			buildRules = (
			);
			dependencies = (
				742C4F352F92175C00BC128F /* PBXTargetDependency */,
			);
			fileSystemSynchronizedGroups = (
				742C4F362F92175C00BC128F /* Go-E-Wallbox-Charging-AppUITests */,
			);
			name = "Go-E-Wallbox-Charging-AppUITests";
			packageProductDependencies = (
			);
			productName = "Go-E-Wallbox-Charging-AppUITests";
			productReference = 742C4F332F92175C00BC128F /* Go-E-Wallbox-Charging-AppUITests.xctest */;
			productType = "com.apple.product-type.bundle.ui-testing";
		};
/* End PBXNativeTarget section */

/* Begin PBXProject section */
		742C4F142F92175800BC128F /* Project object */ = {
			isa = PBXProject;
			attributes = {
				BuildIndependentTargetsInParallel = 1;
				LastSwiftUpdateCheck = 2640;
				LastUpgradeCheck = 2640;
				TargetAttributes = {
					742C4F1B2F92175800BC128F = {
						CreatedOnToolsVersion = 26.4;
					};
					742C4F282F92175C00BC128F = {
						CreatedOnToolsVersion = 26.4;
						TestTargetID = 742C4F1B2F92175800BC128F;
					};
					742C4F322F92175C00BC128F = {
						CreatedOnToolsVersion = 26.4;
						TestTargetID = 742C4F1B2F92175800BC128F;
					};
				};
			};
			buildConfigurationList = 742C4F172F92175800BC128F /* Build configuration list for PBXProject "Go-E-Wallbox-Charging-App" */;
			developmentRegion = en;
			hasScannedForEncodings = 0;
			knownRegions = (
				en,
				Base,
				de,
			);
			mainGroup = 742C4F132F92175800BC128F;
			minimizedProjectReferenceProxies = 1;
			preferredProjectObjectVersion = 77;
			productRefGroup = 742C4F1D2F92175800BC128F /* Products */;
			projectDirPath = "";
			projectRoot = "";
			targets = (
				742C4F1B2F92175800BC128F /* Go-E-Wallbox-Charging-App */,
				742C4F282F92175C00BC128F /* Go-E-Wallbox-Charging-AppTests */,
				742C4F322F92175C00BC128F /* Go-E-Wallbox-Charging-AppUITests */,
			);
		};
/* End PBXProject section */

/* Begin PBXResourcesBuildPhase section */
		742C4F1A2F92175800BC128F /* Resources */ = {
			isa = PBXResourcesBuildPhase;
			buildActionMask = 2147483647;
			files = (
			);
			runOnlyForDeploymentPostprocessing = 0;
		};
		742C4F272F92175C00BC128F /* Resources */ = {
			isa = PBXResourcesBuildPhase;
			buildActionMask = 2147483647;
			files = (
			);
			runOnlyForDeploymentPostprocessing = 0;
		};
		742C4F312F92175C00BC128F /* Resources */ = {
			isa = PBXResourcesBuildPhase;
			buildActionMask = 2147483647;
			files = (
			);
			runOnlyForDeploymentPostprocessing = 0;
		};
/* End PBXResourcesBuildPhase section */

/* Begin PBXSourcesBuildPhase section */
		742C4F182F92175800BC128F /* Sources */ = {
			isa = PBXSourcesBuildPhase;
			buildActionMask = 2147483647;
			files = (
			);
			runOnlyForDeploymentPostprocessing = 0;
		};
		742C4F252F92175C00BC128F /* Sources */ = {
			isa = PBXSourcesBuildPhase;
			buildActionMask = 2147483647;
			files = (
			);
			runOnlyForDeploymentPostprocessing = 0;
		};
		742C4F2F2F92175C00BC128F /* Sources */ = {
			isa = PBXSourcesBuildPhase;
			buildActionMask = 2147483647;
			files = (
			);
			runOnlyForDeploymentPostprocessing = 0;
		};
/* End PBXSourcesBuildPhase section */

/* Begin PBXTargetDependency section */
		742C4F2B2F92175C00BC128F /* PBXTargetDependency */ = {
			isa = PBXTargetDependency;
			target = 742C4F1B2F92175800BC128F /* Go-E-Wallbox-Charging-App */;
			targetProxy = 742C4F2A2F92175C00BC128F /* PBXContainerItemProxy */;
		};
		742C4F352F92175C00BC128F /* PBXTargetDependency */ = {
			isa = PBXTargetDependency;
			target = 742C4F1B2F92175800BC128F /* Go-E-Wallbox-Charging-App */;
			targetProxy = 742C4F342F92175C00BC128F /* PBXContainerItemProxy */;
		};
/* End PBXTargetDependency section */

/* Begin XCBuildConfiguration section */
		742C4F3B2F92175C00BC128F /* Debug */ = {
			isa = XCBuildConfiguration;
			buildSettings = {
				ALWAYS_SEARCH_USER_PATHS = NO;
				ASSETCATALOG_COMPILER_GENERATE_SWIFT_ASSET_SYMBOL_EXTENSIONS = YES;
				CLANG_ANALYZER_NONNULL = YES;
				CLANG_ANALYZER_NUMBER_OBJECT_CONVERSION = YES_AGGRESSIVE;
				CLANG_CXX_LANGUAGE_STANDARD = "gnu++20";
				CLANG_ENABLE_MODULES = YES;
				CLANG_ENABLE_OBJC_ARC = YES;
				CLANG_ENABLE_OBJC_WEAK = YES;
				CLANG_WARN_BLOCK_CAPTURE_AUTORELEASING = YES;
				CLANG_WARN_BOOL_CONVERSION = YES;
				CLANG_WARN_COMMA = YES;
				CLANG_WARN_CONSTANT_CONVERSION = YES;
				CLANG_WARN_DEPRECATED_OBJC_IMPLEMENTATIONS = YES;
				CLANG_WARN_DIRECT_OBJC_ISA_USAGE = YES_ERROR;
				CLANG_WARN_DOCUMENTATION_COMMENTS = YES;
				CLANG_WARN_EMPTY_BODY = YES;
				CLANG_WARN_ENUM_CONVERSION = YES;
				CLANG_WARN_INFINITE_RECURSION = YES;
				CLANG_WARN_INT_CONVERSION = YES;
				CLANG_WARN_NON_LITERAL_NULL_CONVERSION = YES;
				CLANG_WARN_OBJC_IMPLICIT_RETAIN_SELF = YES;
				CLANG_WARN_OBJC_LITERAL_CONVERSION = YES;
				CLANG_WARN_OBJC_ROOT_CLASS = YES_ERROR;
				CLANG_WARN_QUOTED_INCLUDE_IN_FRAMEWORK_HEADER = YES;
				CLANG_WARN_RANGE_LOOP_ANALYSIS = YES;
				CLANG_WARN_STRICT_PROTOTYPES = YES;
				CLANG_WARN_SUSPICIOUS_MOVE = YES;
				CLANG_WARN_UNGUARDED_AVAILABILITY = YES_AGGRESSIVE;
				CLANG_WARN_UNREACHABLE_CODE = YES;
				CLANG_WARN__DUPLICATE_METHOD_MATCH = YES;
				COPY_PHASE_STRIP = NO;
				DEBUG_INFORMATION_FORMAT = dwarf;
				DEVELOPMENT_TEAM = N437CUVJGM;
				ENABLE_STRICT_OBJC_MSGSEND = YES;
				ENABLE_TESTABILITY = YES;
				ENABLE_USER_SCRIPT_SANDBOXING = YES;
				GCC_C_LANGUAGE_STANDARD = gnu17;
				GCC_DYNAMIC_NO_PIC = NO;
				GCC_NO_COMMON_BLOCKS = YES;
				GCC_OPTIMIZATION_LEVEL = 0;
				GCC_PREPROCESSOR_DEFINITIONS = (
					"DEBUG=1",
					"$(inherited)",
				);
				GCC_WARN_64_TO_32_BIT_CONVERSION = YES;
				GCC_WARN_ABOUT_RETURN_TYPE = YES_ERROR;
				GCC_WARN_UNDECLARED_SELECTOR = YES;
				GCC_WARN_UNINITIALIZED_AUTOS = YES_AGGRESSIVE;
				GCC_WARN_UNUSED_FUNCTION = YES;
				GCC_WARN_UNUSED_VARIABLE = YES;
				IPHONEOS_DEPLOYMENT_TARGET = 26.4;
				LOCALIZATION_PREFERS_STRING_CATALOGS = YES;
				MTL_ENABLE_DEBUG_INFO = INCLUDE_SOURCE;
				MTL_FAST_MATH = YES;
				ONLY_ACTIVE_ARCH = YES;
				SDKROOT = iphoneos;
				SWIFT_ACTIVE_COMPILATION_CONDITIONS = "DEBUG $(inherited)";
				SWIFT_OPTIMIZATION_LEVEL = "-Onone";
			};
			name = Debug;
		};
		742C4F3C2F92175C00BC128F /* Release */ = {
			isa = XCBuildConfiguration;
			buildSettings = {
				ALWAYS_SEARCH_USER_PATHS = NO;
				ASSETCATALOG_COMPILER_GENERATE_SWIFT_ASSET_SYMBOL_EXTENSIONS = YES;
				CLANG_ANALYZER_NONNULL = YES;
				CLANG_ANALYZER_NUMBER_OBJECT_CONVERSION = YES_AGGRESSIVE;
				CLANG_CXX_LANGUAGE_STANDARD = "gnu++20";
				CLANG_ENABLE_MODULES = YES;
				CLANG_ENABLE_OBJC_ARC = YES;
				CLANG_ENABLE_OBJC_WEAK = YES;
				CLANG_WARN_BLOCK_CAPTURE_AUTORELEASING = YES;
				CLANG_WARN_BOOL_CONVERSION = YES;
				CLANG_WARN_COMMA = YES;
				CLANG_WARN_CONSTANT_CONVERSION = YES;
				CLANG_WARN_DEPRECATED_OBJC_IMPLEMENTATIONS = YES;
				CLANG_WARN_DIRECT_OBJC_ISA_USAGE = YES_ERROR;
				CLANG_WARN_DOCUMENTATION_COMMENTS = YES;
				CLANG_WARN_EMPTY_BODY = YES;
				CLANG_WARN_ENUM_CONVERSION = YES;
				CLANG_WARN_INFINITE_RECURSION = YES;
				CLANG_WARN_INT_CONVERSION = YES;
				CLANG_WARN_NON_LITERAL_NULL_CONVERSION = YES;
				CLANG_WARN_OBJC_IMPLICIT_RETAIN_SELF = YES;
				CLANG_WARN_OBJC_LITERAL_CONVERSION = YES;
				CLANG_WARN_OBJC_ROOT_CLASS = YES_ERROR;
				CLANG_WARN_QUOTED_INCLUDE_IN_FRAMEWORK_HEADER = YES;
				CLANG_WARN_RANGE_LOOP_ANALYSIS = YES;
				CLANG_WARN_STRICT_PROTOTYPES = YES;
				CLANG_WARN_SUSPICIOUS_MOVE = YES;
				CLANG_WARN_UNGUARDED_AVAILABILITY = YES_AGGRESSIVE;
				CLANG_WARN_UNREACHABLE_CODE = YES;
				CLANG_WARN__DUPLICATE_METHOD_MATCH = YES;
				COPY_PHASE_STRIP = NO;
				DEBUG_INFORMATION_FORMAT = "dwarf-with-dsym";
				DEVELOPMENT_TEAM = N437CUVJGM;
				ENABLE_NS_ASSERTIONS = NO;
				ENABLE_STRICT_OBJC_MSGSEND = YES;
				ENABLE_USER_SCRIPT_SANDBOXING = YES;
				GCC_C_LANGUAGE_STANDARD = gnu17;
				GCC_NO_COMMON_BLOCKS = YES;
				GCC_WARN_64_TO_32_BIT_CONVERSION = YES;
				GCC_WARN_ABOUT_RETURN_TYPE = YES_ERROR;
				GCC_WARN_UNDECLARED_SELECTOR = YES;
				GCC_WARN_UNINITIALIZED_AUTOS = YES_AGGRESSIVE;
				GCC_WARN_UNUSED_FUNCTION = YES;
				GCC_WARN_UNUSED_VARIABLE = YES;
				IPHONEOS_DEPLOYMENT_TARGET = 26.4;
				LOCALIZATION_PREFERS_STRING_CATALOGS = YES;
				MTL_ENABLE_DEBUG_INFO = NO;
				MTL_FAST_MATH = YES;
				SDKROOT = iphoneos;
				SWIFT_COMPILATION_MODE = wholemodule;
				VALIDATE_PRODUCT = YES;
			};
			name = Release;
		};
		742C4F3E2F92175C00BC128F /* Debug */ = {
			isa = XCBuildConfiguration;
			buildSettings = {
				ASSETCATALOG_COMPILER_APPICON_NAME = AppIcon;
				ASSETCATALOG_COMPILER_GLOBAL_ACCENT_COLOR_NAME = AccentColor;
				CODE_SIGN_ENTITLEMENTS = "Go-E-Wallbox-Charging-App/Go-E-Wallbox-Charging-App.entitlements";
				CODE_SIGN_STYLE = Automatic;
				CURRENT_PROJECT_VERSION = 1;
				DEVELOPMENT_TEAM = N437CUVJGM;
				ENABLE_PREVIEWS = YES;
				GENERATE_INFOPLIST_FILE = YES;
				INFOPLIST_KEY_UIApplicationSceneManifest_Generation = YES;
				INFOPLIST_KEY_UIApplicationSupportsIndirectInputEvents = YES;
				INFOPLIST_KEY_UILaunchScreen_Generation = YES;
				INFOPLIST_KEY_UISupportedInterfaceOrientations_iPad = "UIInterfaceOrientationPortrait UIInterfaceOrientationPortraitUpsideDown UIInterfaceOrientationLandscapeLeft UIInterfaceOrientationLandscapeRight";
				INFOPLIST_KEY_UISupportedInterfaceOrientations_iPhone = "UIInterfaceOrientationPortrait UIInterfaceOrientationLandscapeLeft UIInterfaceOrientationLandscapeRight";
				LD_RUNPATH_SEARCH_PATHS = (
					"$(inherited)",
					"@executable_path/Frameworks",
				);
				MARKETING_VERSION = 1.1;
				PRODUCT_BUNDLE_IDENTIFIER = "Florian-Seichter.Go-E-Wallbox-Charging-App";
				PRODUCT_NAME = "$(TARGET_NAME)";
				STRING_CATALOG_GENERATE_SYMBOLS = YES;
				SWIFT_APPROACHABLE_CONCURRENCY = YES;
				SWIFT_DEFAULT_ACTOR_ISOLATION = MainActor;
				SWIFT_EMIT_LOC_STRINGS = YES;
				SWIFT_UPCOMING_FEATURE_MEMBER_IMPORT_VISIBILITY = YES;
				SWIFT_VERSION = 5.0;
				TARGETED_DEVICE_FAMILY = "1,2";
			};
			name = Debug;
		};
		742C4F3F2F92175C00BC128F /* Release */ = {
			isa = XCBuildConfiguration;
			buildSettings = {
				ASSETCATALOG_COMPILER_APPICON_NAME = AppIcon;
				ASSETCATALOG_COMPILER_GLOBAL_ACCENT_COLOR_NAME = AccentColor;
				CODE_SIGN_ENTITLEMENTS = "Go-E-Wallbox-Charging-App/Go-E-Wallbox-Charging-App.entitlements";
				CODE_SIGN_STYLE = Automatic;
				CURRENT_PROJECT_VERSION = 1;
				DEVELOPMENT_TEAM = N437CUVJGM;
				ENABLE_PREVIEWS = YES;
				GENERATE_INFOPLIST_FILE = YES;
				INFOPLIST_KEY_UIApplicationSceneManifest_Generation = YES;
				INFOPLIST_KEY_UIApplicationSupportsIndirectInputEvents = YES;
				INFOPLIST_KEY_UILaunchScreen_Generation = YES;
				INFOPLIST_KEY_UISupportedInterfaceOrientations_iPad = "UIInterfaceOrientationPortrait UIInterfaceOrientationPortraitUpsideDown UIInterfaceOrientationLandscapeLeft UIInterfaceOrientationLandscapeRight";
				INFOPLIST_KEY_UISupportedInterfaceOrientations_iPhone = "UIInterfaceOrientationPortrait UIInterfaceOrientationLandscapeLeft UIInterfaceOrientationLandscapeRight";
				LD_RUNPATH_SEARCH_PATHS = (
					"$(inherited)",
					"@executable_path/Frameworks",
				);
				MARKETING_VERSION = 1.1;
				PRODUCT_BUNDLE_IDENTIFIER = "Florian-Seichter.Go-E-Wallbox-Charging-App";
				PRODUCT_NAME = "$(TARGET_NAME)";
				STRING_CATALOG_GENERATE_SYMBOLS = YES;
				SWIFT_APPROACHABLE_CONCURRENCY = YES;
				SWIFT_DEFAULT_ACTOR_ISOLATION = MainActor;
				SWIFT_EMIT_LOC_STRINGS = YES;
				SWIFT_UPCOMING_FEATURE_MEMBER_IMPORT_VISIBILITY = YES;
				SWIFT_VERSION = 5.0;
				TARGETED_DEVICE_FAMILY = "1,2";
			};
			name = Release;
		};
		742C4F412F92175C00BC128F /* Debug */ = {
			isa = XCBuildConfiguration;
			buildSettings = {
				BUNDLE_LOADER = "$(TEST_HOST)";
				CODE_SIGN_STYLE = Automatic;
				CURRENT_PROJECT_VERSION = 1;
				DEVELOPMENT_TEAM = N437CUVJGM;
				GENERATE_INFOPLIST_FILE = YES;
				IPHONEOS_DEPLOYMENT_TARGET = 26.4;
				MARKETING_VERSION = 1.1;
				PRODUCT_BUNDLE_IDENTIFIER = "Florian-Seichter.Go-E-Wallbox-Charging-AppTests";
				PRODUCT_NAME = "$(TARGET_NAME)";
				STRING_CATALOG_GENERATE_SYMBOLS = NO;
				SWIFT_APPROACHABLE_CONCURRENCY = YES;
				SWIFT_EMIT_LOC_STRINGS = NO;
				SWIFT_UPCOMING_FEATURE_MEMBER_IMPORT_VISIBILITY = YES;
				SWIFT_VERSION = 5.0;
				TARGETED_DEVICE_FAMILY = "1,2";
				TEST_HOST = "$(BUILT_PRODUCTS_DIR)/Go-E-Wallbox-Charging-App.app/$(BUNDLE_EXECUTABLE_FOLDER_PATH)/Go-E-Wallbox-Charging-App";
			};
			name = Debug;
		};
		742C4F422F92175C00BC128F /* Release */ = {
			isa = XCBuildConfiguration;
			buildSettings = {
				BUNDLE_LOADER = "$(TEST_HOST)";
				CODE_SIGN_STYLE = Automatic;
				CURRENT_PROJECT_VERSION = 1;
				DEVELOPMENT_TEAM = N437CUVJGM;
				GENERATE_INFOPLIST_FILE = YES;
				IPHONEOS_DEPLOYMENT_TARGET = 26.4;
				MARKETING_VERSION = 1.1;
				PRODUCT_BUNDLE_IDENTIFIER = "Florian-Seichter.Go-E-Wallbox-Charging-AppTests";
				PRODUCT_NAME = "$(TARGET_NAME)";
				STRING_CATALOG_GENERATE_SYMBOLS = NO;
				SWIFT_APPROACHABLE_CONCURRENCY = YES;
				SWIFT_EMIT_LOC_STRINGS = NO;
				SWIFT_UPCOMING_FEATURE_MEMBER_IMPORT_VISIBILITY = YES;
				SWIFT_VERSION = 5.0;
				TARGETED_DEVICE_FAMILY = "1,2";
				TEST_HOST = "$(BUILT_PRODUCTS_DIR)/Go-E-Wallbox-Charging-App.app/$(BUNDLE_EXECUTABLE_FOLDER_PATH)/Go-E-Wallbox-Charging-App";
			};
			name = Release;
		};
		742C4F442F92175C00BC128F /* Debug */ = {
			isa = XCBuildConfiguration;
			buildSettings = {
				CODE_SIGN_STYLE = Automatic;
				CURRENT_PROJECT_VERSION = 1;
				DEVELOPMENT_TEAM = N437CUVJGM;
				GENERATE_INFOPLIST_FILE = YES;
				MARKETING_VERSION = 1.1;
				PRODUCT_BUNDLE_IDENTIFIER = "Florian-Seichter.Go-E-Wallbox-Charging-AppUITests";
				PRODUCT_NAME = "$(TARGET_NAME)";
				STRING_CATALOG_GENERATE_SYMBOLS = NO;
				SWIFT_APPROACHABLE_CONCURRENCY = YES;
				SWIFT_EMIT_LOC_STRINGS = NO;
				SWIFT_UPCOMING_FEATURE_MEMBER_IMPORT_VISIBILITY = YES;
				SWIFT_VERSION = 5.0;
				TARGETED_DEVICE_FAMILY = "1,2";
				TEST_TARGET_NAME = "Go-E-Wallbox-Charging-App";
			};
			name = Debug;
		};
		742C4F452F92175C00BC128F /* Release */ = {
			isa = XCBuildConfiguration;
			buildSettings = {
				CODE_SIGN_STYLE = Automatic;
				CURRENT_PROJECT_VERSION = 1;
				DEVELOPMENT_TEAM = N437CUVJGM;
				GENERATE_INFOPLIST_FILE = YES;
				MARKETING_VERSION = 1.1;
				PRODUCT_BUNDLE_IDENTIFIER = "Florian-Seichter.Go-E-Wallbox-Charging-AppUITests";
				PRODUCT_NAME = "$(TARGET_NAME)";
				STRING_CATALOG_GENERATE_SYMBOLS = NO;
				SWIFT_APPROACHABLE_CONCURRENCY = YES;
				SWIFT_EMIT_LOC_STRINGS = NO;
				SWIFT_UPCOMING_FEATURE_MEMBER_IMPORT_VISIBILITY = YES;
				SWIFT_VERSION = 5.0;
				TARGETED_DEVICE_FAMILY = "1,2";
				TEST_TARGET_NAME = "Go-E-Wallbox-Charging-App";
			};
			name = Release;
		};
/* End XCBuildConfiguration section */

/* Begin XCConfigurationList section */
		742C4F172F92175800BC128F /* Build configuration list for PBXProject "Go-E-Wallbox-Charging-App" */ = {
			isa = XCConfigurationList;
			buildConfigurations = (
				742C4F3B2F92175C00BC128F /* Debug */,
				742C4F3C2F92175C00BC128F /* Release */,
			);
			defaultConfigurationIsVisible = 0;
			defaultConfigurationName = Release;
		};
		742C4F3D2F92175C00BC128F /* Build configuration list for PBXNativeTarget "Go-E-Wallbox-Charging-App" */ = {
			isa = XCConfigurationList;
			buildConfigurations = (
				742C4F3E2F92175C00BC128F /* Debug */,
				742C4F3F2F92175C00BC128F /* Release */,
			);
			defaultConfigurationIsVisible = 0;
			defaultConfigurationName = Release;
		};
		742C4F402F92175C00BC128F /* Build configuration list for PBXNativeTarget "Go-E-Wallbox-Charging-AppTests" */ = {
			isa = XCConfigurationList;
			buildConfigurations = (
				742C4F412F92175C00BC128F /* Debug */,
				742C4F422F92175C00BC128F /* Release */,
			);
			defaultConfigurationIsVisible = 0;
			defaultConfigurationName = Release;
		};
		742C4F432F92175C00BC128F /* Build configuration list for PBXNativeTarget "Go-E-Wallbox-Charging-AppUITests" */ = {
			isa = XCConfigurationList;
			buildConfigurations = (
				742C4F442F92175C00BC128F /* Debug */,
				742C4F452F92175C00BC128F /* Release */,
			);
			defaultConfigurationIsVisible = 0;
			defaultConfigurationName = Release;
		};
/* End XCConfigurationList section */
	};
	rootObject = 742C4F142F92175800BC128F /* Project object */;
}
